github.com/aws/aws-lambda-go v1.47.0 h1:0H8s0vumYx/YKs4sE7YM0ktwL2eWse+kfopsRI1sXVI=
github.com/aws/aws-lambda-go v1.47.0/go.mod h1:dpMpZgvWx5vuQJfBt0zqBha60q7Dd7RfgJv23DymV8A=
github.com/carlmjohnson/be v0.24.1 h1:QNG+beMZHF6AZsElCrf7S4fVGa0EDtQGkXQiBFPuDZc=
github.com/carlmjohnson/be v0.24.1/go.mod h1:KAgPUh0HpzWYZZI+IABdo80wTgY43YhbdsiLYAaSI/Q=
github.com/carlmjohnson/exitcode v0.20.2 h1:vE6rmkCGNA4kO4m1qwWIa77PKlUBVg46cNjs22eAOXE=
github.com/carlmjohnson/exitcode v0.20.2/go.mod h1:MZ6ThCDx517DQcrpYnnns1pLh8onjFl+B/AsrOrdmpc=
github.com/carlmjohnson/gateway v1.22.2 h1:Nr7JVUSruWG3I6PGGxUTaIGLHSEhCcoppFX0zGxha80=
github.com/carlmjohnson/gateway v1.22.2/go.mod h1:C2xSaIo4kkvdbTQQI5EhmzzWC1wB/+f5COhlpQ4O8fA=
github.com/carlmjohnson/requests v0.24.3 h1:LYcM/jVIVPkioigMjEAnBACXl2vb42TVqiC8EYNoaXQ=
github.com/carlmjohnson/requests v0.24.3/go.mod h1:duYA/jDnyZ6f3xbcF5PpZ9N8clgopubP2nK5i6MVMhU=
github.com/davecgh/go-spew v1.1.1 h1:vj9j/u1bqnvCEfJOwUhtlOARqs3+rkHYY13jYWTU97c=
github.com/davecgh/go-spew v1.1.1/go.mod h1:J7Y8YcW2NihsgmVo/mv3lAwl/skON4iLHjSsI+c5H38=
github.com/earthboundkid/bytemap/v2 v2.24.1 h1:/uV7l5RwQk+i7CHBaysasl+nmHR/VYOGQCjrdNeCPv8=
github.com/earthboundkid/bytemap/v2 v2.24.1/go.mod h1:amqatzrKVIgZYITQzyXL1bV4pH3cEVqRdX23T3iKhnM=
github.com/earthboundkid/emailx/v2 v2.24.1 h1:DK/4Eh36IvxCR+29E7xbaxi8gPxgAvm4zMw3DY6VZmM=
github.com/earthboundkid/emailx/v2 v2.24.1/go.mod h1:8UAz0q898I8GBxekObC/Tj6qfF3CJWWNACn+U2DRHlY=
github.com/earthboundkid/flagx/v2 v2.25.1 h1:NCnaW8sg0B9EcThAFUOEPQFbD2qhGFMp1s4GqU3kPW8=
github.com/earthboundkid/flagx/v2 v2.25.1/go.mod h1:uFev2jp4UhPBLZpRkeHEXuko2vVhi/E/vuxrYgDVjBg=
github.com/earthboundkid/mid v0.24.1 h1:Hz8neRUGqnghs/0UtrdoTZBis7x1OXbOHvLVQzlGXh4=
github.com/earthboundkid/mid v0.24.1/go.mod h1:hEWtmnPsQdlni4aenDZ4NQ81NesS7gas5RVoiEncpU0=
github.com/earthboundkid/resperr/v2 v2.25.1 h1:H6GCeI/hynE3z1D3eGJ4Dh5s9AzjEf1YHFO4fRIgSs0=
github.com/earthboundkid/resperr/v2 v2.25.1/go.mod h1:1cymu80qg8aRoJzpjWdyYDbLCWzGl+AtlwUzAMmSnEM=
github.com/earthboundkid/versioninfo/v2 v2.24.1 h1:SJTMHaoUx3GzjjnUO1QzP3ZXK6Ee/nbWyCm58eY3oUg=
github.com/earthboundkid/versioninfo/v2 v2.24.1/go.mod h1:VcWEooDEuyUJnMfbdTh0uFN4cfEIg+kHMuWB2CDCLjw=
github.com/getsentry/sentry-go v0.31.1 h1:ELVc0h7gwyhnXHDouXkhqTFSO5oslsRDk0++eyE0KJ4=
github.com/getsentry/sentry-go v0.31.1/go.mod h1:CYNcMMz73YigoHljQRG+qPF+eMq8gG72XcGN/p71BAY=
github.com/go-chi/chi/v5 v5.2.2 h1:CMwsvRVTbXVytCk1Wd72Zy1LAsAh9GxMmSNWLHCG618=
github.com/go-chi/chi/v5 v5.2.2/go.mod h1:L2yAIGWB3H+phAw1NxKwWM+7eUH/lU8pOMm5hHcoops=
github.com/go-errors/errors v1.4.2 h1:J6MZopCL4uSllY1OfXM374weqZFFItUbrImctkmUxIA=
github.com/go-errors/errors v1.4.2/go.mod h1:sIVyrIiJhuEF+Pj9Ebtd6P/rEYROXFi3BopGUQ5a5Og=
github.com/google/go-cmp v0.5.9 h1:O2Tfq5qg4qc4AmwVlvv0oLiVAGB7enBSJ2x2DqQFi38=
github.com/google/go-cmp v0.5.9/go.mod h1:17dUlkBOakJ0+DkrSSNjCkIjxS6bF9zb3elmeNGIjoY=
github.com/jub0bs/cors v0.5.7 h1:CUJmuUV/IP5R2fdsmVFzSLqRVWjxsg+k5CFhqKjk7uc=
github.com/jub0bs/cors v0.5.7/go.mod h1:0X3mMF9IIkHzW8C4J8pDatLRuGXYgUM3J2ZBdIl7aM8=
github.com/pingcap/errors v0.11.4 h1:lFuQV/oaUMGcD2tqt+01ROSmJs75VG1ToEOkZIZ4nE4=
github.com/pingcap/errors v0.11.4/go.mod h1:Oi8TUi2kEtXXLMJk9l1cGmz20kV3TaQ0usTwv5KuLY8=
github.com/pkg/errors v0.9.1 h1:FEBLx1zS214owpjy7qsBeixbURkuhQAwrK5UwLGTwt4=
github.com/pkg/errors v0.9.1/go.mod h1:bwawxfHBFNV+L2hUp1rHADufV3IMtnDRdf1r5NINEl0=
github.com/pmezard/go-difflib v1.0.0 h1:4DBwDE0NGyQoBHbLQYPwSUPoCMWR5BEzIk/f1lZbAQM=
github.com/pmezard/go-difflib v1.0.0/go.mod h1:iKH77koFhYxTK1pcRnkKkqfTogsbg7gZNVY4sRDYZ/4=
github.com/stretchr/testify v1.8.2 h1:+h33VjcLVPDHtOdpUCuF+7gSuG3yGIftsP1YvFihtJ8=
github.com/stretchr/testify v1.8.2/go.mod h1:w2LPCIKwWwSfY2zedu0+kehJoqGctiVI29o6fzry7u4=
go.uber.org/goleak v1.3.0 h1:2K3zAYmnTNqV73imy9J1T3WC+gmCePx2hEGkimedGto=
go.uber.org/goleak v1.3.0/go.mod h1:CoHD4mav9JJNrW/WLlf7HGZPjdw8EucARQHekz1X6bE=
golang.org/x/net v0.38.0 h1:vRMAPTMaeGqVhG5QyLJHqNDwecKTomGeqbnfZyKlBI8=
golang.org/x/net v0.38.0/go.mod h1:ivrbrMbzFq5J41QOQh0siUuly180yBYtLp+CKbEaFx8=
golang.org/x/sys v0.31.0 h1:ioabZlmFYtWhL+TRYpcnNlLwhyxaM9kWTDEmfnprqik=
golang.org/x/sys v0.31.0/go.mod h1:BJP2sWEmIv4KK5OTEluFJCKSidICx8ciO85XgH3Ak8k=
golang.org/x/text v0.23.0 h1:D71I7dUrlY+VX0gQShAThNGHFxZ13dGLBHQLVl1mJlY=
golang.org/x/text v0.23.0/go.mod h1:/BLNzu4aZCJ1+kcD0DNRotWKage4q2rGVAg4o22unh4=
gopkg.in/yaml.v3 v3.0.1 h1:fxVm/GzAzEWqLHuvctI91KS9hhNmmWOoWu0XTYJS7CA=
gopkg.in/yaml.v3 v3.0.1/go.mod h1:K4uyk7z7BCEPqu6E+C64Yfv1cQ7kz7rIZviUmN+EgEM=
