github.com/aws/aws-lambda-go v1.55.0 h1:D+AUkk49hTldMnv+Ydt+/jdWVXWPsp8hlwY6Enob2FM=
github.com/aws/aws-lambda-go v1.55.0/go.mod h1:V+NzkHNR6vBC8C1PDloqSLE+7jYWFiPvJJFiCiTm8nE=
github.com/carlmjohnson/be v0.25.2 h1:EPTT7qCF5xJjcgrV5yX/muP5HTqSJR2VOjO6O4l9cYE=
github.com/carlmjohnson/be v0.25.2/go.mod h1:2P+bH/INocW7e411OYCCIwT3nnJneZyveVav0WBBM1U=
github.com/carlmjohnson/exitcode v0.20.2 h1:vE6rmkCGNA4kO4m1qwWIa77PKlUBVg46cNjs22eAOXE=
github.com/carlmjohnson/exitcode v0.20.2/go.mod h1:MZ6ThCDx517DQcrpYnnns1pLh8onjFl+B/AsrOrdmpc=
github.com/carlmjohnson/gateway v1.22.2 h1:Nr7JVUSruWG3I6PGGxUTaIGLHSEhCcoppFX0zGxha80=
github.com/carlmjohnson/gateway v1.22.2/go.mod h1:C2xSaIo4kkvdbTQQI5EhmzzWC1wB/+f5COhlpQ4O8fA=
github.com/carlmjohnson/requests v0.26.1 h1:kFt5j1XsynNKoladW2qJdP9S+UdigvGLW+53DXbN5F4=
github.com/carlmjohnson/requests v0.26.1/go.mod h1:qMGUsG9/8MbvYRMGwvMBVSQQmRswVcVMAzexVyy038g=
github.com/davecgh/go-spew v1.1.2-0.20180830191138-d8f796af33cc h1:U9qPSI2PIWSS1VwoXQT9A3Wy9MM3WgvqSxFWenqJduM=
github.com/davecgh/go-spew v1.1.2-0.20180830191138-d8f796af33cc/go.mod h1:J7Y8YcW2NihsgmVo/mv3lAwl/skON4iLHjSsI+c5H38=
github.com/earthboundkid/bytemap/v2 v2.24.1 h1:/uV7l5RwQk+i7CHBaysasl+nmHR/VYOGQCjrdNeCPv8=
github.com/earthboundkid/bytemap/v2 v2.24.1/go.mod h1:amqatzrKVIgZYITQzyXL1bV4pH3cEVqRdX23T3iKhnM=
github.com/earthboundkid/emailx/v2 v2.24.1 h1:DK/4Eh36IvxCR+29E7xbaxi8gPxgAvm4zMw3DY6VZmM=
github.com/earthboundkid/emailx/v2 v2.24.1/go.mod h1:8UAz0q898I8GBxekObC/Tj6qfF3CJWWNACn+U2DRHlY=
github.com/earthboundkid/flagx/v2 v2.25.1 h1:NCnaW8sg0B9EcThAFUOEPQFbD2qhGFMp1s4GqU3kPW8=
github.com/earthboundkid/flagx/v2 v2.25.1/go.mod h1:uFev2jp4UhPBLZpRkeHEXuko2vVhi/E/vuxrYgDVjBg=
github.com/earthboundkid/mid v0.26.1 h1:hr3DeMz+DKRYGYDRS00CLqztgFfxukOZ+DeNkWj65rw=
github.com/earthboundkid/mid v0.26.1/go.mod h1:hyrjqI1JpXaOJ1pc7zC4m1tlrQCUt9clOPJNd3XvTcA=
github.com/earthboundkid/resperr/v2 v2.25.1 h1:H6GCeI/hynE3z1D3eGJ4Dh5s9AzjEf1YHFO4fRIgSs0=
github.com/earthboundkid/resperr/v2 v2.25.1/go.mod h1:1cymu80qg8aRoJzpjWdyYDbLCWzGl+AtlwUzAMmSnEM=
github.com/earthboundkid/versioninfo/v2 v2.24.1 h1:SJTMHaoUx3GzjjnUO1QzP3ZXK6Ee/nbWyCm58eY3oUg=
github.com/earthboundkid/versioninfo/v2 v2.24.1/go.mod h1:VcWEooDEuyUJnMfbdTh0uFN4cfEIg+kHMuWB2CDCLjw=
github.com/getsentry/sentry-go v0.49.0 h1:Ehejknu1l023Ub7QoRBVLAI7g3Jnhqku4oWx4B4Sh5s=
github.com/getsentry/sentry-go v0.49.0/go.mod h1:nuMJAoCfe1u0Bts2ocyNI+TW8HT84vRMqwA5Qq/SKUI=
github.com/go-chi/chi/v5 v5.3.2 h1:5YQkICvTCSZ25hoRsyJazN0scjzKGiu4VAUc7H1o1nY=
github.com/go-chi/chi/v5 v5.3.2/go.mod h1:R+tYY2hNuVUUjxoPtqUdgBqevM9s9njzkTLutVsOCto=
github.com/go-errors/errors v1.4.2 h1:J6MZopCL4uSllY1OfXM374weqZFFItUbrImctkmUxIA=
github.com/go-errors/errors v1.4.2/go.mod h1:sIVyrIiJhuEF+Pj9Ebtd6P/rEYROXFi3BopGUQ5a5Og=
github.com/google/go-cmp v0.7.0 h1:wk8382ETsv4JYUZwIsn6YpYiWiBsYLSJiTsyBybVuN8=
github.com/google/go-cmp v0.7.0/go.mod h1:pXiqmnSA92OHEEa9HXL2W4E7lf9JzCmGVUdgjX3N/iU=
github.com/jub0bs/cors v1.1.1 h1:bMakI0h75DyJmSg0owVobw2LyJbIh/13a2K9/ui6hrw=
github.com/jub0bs/cors v1.1.1/go.mod h1:/Stm+nFPJIU+vlbe3XHuQwl+VEwbokf/nhZ6F1w2pJw=
github.com/pingcap/errors v0.11.4 h1:lFuQV/oaUMGcD2tqt+01ROSmJs75VG1ToEOkZIZ4nE4=
github.com/pingcap/errors v0.11.4/go.mod h1:Oi8TUi2kEtXXLMJk9l1cGmz20kV3TaQ0usTwv5KuLY8=
github.com/pkg/errors v0.9.1 h1:FEBLx1zS214owpjy7qsBeixbURkuhQAwrK5UwLGTwt4=
github.com/pkg/errors v0.9.1/go.mod h1:bwawxfHBFNV+L2hUp1rHADufV3IMtnDRdf1r5NINEl0=
github.com/pmezard/go-difflib v1.0.1-0.20181226105442-5d4384ee4fb2 h1:Jamvg5psRIccs7FGNTlIRMkT8wgtp5eCXdBlqhYGL6U=
github.com/pmezard/go-difflib v1.0.1-0.20181226105442-5d4384ee4fb2/go.mod h1:iKH77koFhYxTK1pcRnkKkqfTogsbg7gZNVY4sRDYZ/4=
github.com/stretchr/testify v1.11.1 h1:7s2iGBzp5EwR7/aIZr8ao5+dra3wiQyKjjFuvgVKu7U=
github.com/stretchr/testify v1.11.1/go.mod h1:wZwfW3scLgRK+23gO65QZefKpKQRnfz6sD981Nm4B6U=
go.uber.org/goleak v1.3.0 h1:2K3zAYmnTNqV73imy9J1T3WC+gmCePx2hEGkimedGto=
go.uber.org/goleak v1.3.0/go.mod h1:CoHD4mav9JJNrW/WLlf7HGZPjdw8EucARQHekz1X6bE=
golang.org/x/mod v0.41.0 h1:qJmnOUb4YB+FsEuM3HcWucdZASCPGhsX6uljO6pog0c=
golang.org/x/mod v0.41.0/go.mod h1:Ek9pY8RKWXwsWvd3rQiHYtMqkjSUV+s1Rj7j4H5Ur6o=
golang.org/x/net v0.59.0 h1:5zfYln+w5XCxwrnMMJPufRgNoXEaGxl0wo5GqPXyues=
golang.org/x/net v0.59.0/go.mod h1:2DA/G1UfVbCpQPeWTmMPGY7Cs2PkBkwu743bVX5PIVg=
golang.org/x/sync v0.23.0 h1:KameEIfc1IkluZyXWLn39Wd4tURc6GbCiISGiZm2bQk=
golang.org/x/sync v0.23.0/go.mod h1:sUUOizhqBxiL6pEWpqNLUiaJn1ShEbZ6BBqskPbjZm0=
golang.org/x/sys v0.48.0 h1:bbX/i/6MgT9BVLM9RT1thmxL04yeTAhbEz4SyadbXoo=
golang.org/x/sys v0.48.0/go.mod h1:hNLxWAXmnKAxqDtdwIYC4bM9oQPEecfsnNMuSxOs3og=
golang.org/x/text v0.42.0 h1:JbOZXgfeCPU9gacVtYliJqOhD+zhrEqK4LfdpmlUZqI=
golang.org/x/text v0.42.0/go.mod h1:ojzP1Z+2QtioaF8DTtO8K5q7JWVVYwZKenzujK0Zd0E=
golang.org/x/tools v0.50.0 h1:c2ifzfcuY7L90lZ2aKd8S4K2NpASF08SZx9ZuJkHmSU=
golang.org/x/tools v0.50.0/go.mod h1:7ulVMw3831Mwi5EZD6RomGyffr4VFjuNYXf2BbCEAV0=
gopkg.in/yaml.v3 v3.0.1 h1:fxVm/GzAzEWqLHuvctI91KS9hhNmmWOoWu0XTYJS7CA=
gopkg.in/yaml.v3 v3.0.1/go.mod h1:K4uyk7z7BCEPqu6E+C64Yfv1cQ7kz7rIZviUmN+EgEM=
